{
  "pins" : [
    {
      "identity" : "camobileappanalytics",
      "kind" : "remoteSourceControl",
      "location" : "https://github.com/CA-Application-Performance-Management/CAMobileAppAnalytics.git",
      "state" : {
        "branch" : "spm",
        "revision" : "e085719a1bcd0435ed067600852a83fc96811bcd"
      }
    }
  ],
  "version" : 2
}
